// !$*UTF8*$!
{
	archiveVersion = 1;
	classes = {
	};
	objectVersion = 46;
	objects = {

/* Begin PBXBuildFile section */
		5F134CF81D2FDF6600F72FC8 /* TitleConstructor.swift in Sources */ = {isa = PBXBuildFile; fileRef = 5F134CF71D2FDF6600F72FC8 /* TitleConstructor.swift */; };
		5F134CFA1D2FEB6000F72FC8 /* GenericTileDisplay.swift in Sources */ = {isa = PBXBuildFile; fileRef = 5F134CF91D2FEB6000F72FC8 /* GenericTileDisplay.swift */; };
		5F134CFC1D301B4900F72FC8 /* abstract.png in Resources */ = {isa = PBXBuildFile; fileRef = 5F134CFB1D301B4900F72FC8 /* abstract.png */; };
		5F3D429A1D11DC380065241D /* AppDelegate.swift in Sources */ = {isa = PBXBuildFile; fileRef = 5F3D42991D11DC380065241D /* AppDelegate.swift */; };
		5F3D429C1D11DC380065241D /* ViewController.swift in Sources */ = {isa = PBXBuildFile; fileRef = 5F3D429B1D11DC380065241D /* ViewController.swift */; };
		5F3D429F1D11DC380065241D /* Main.storyboard in Resources */ = {isa = PBXBuildFile; fileRef = 5F3D429D1D11DC380065241D /* Main.storyboard */; };
		5F3D42A11D11DC380065241D /* Assets.xcassets in Resources */ = {isa = PBXBuildFile; fileRef = 5F3D42A01D11DC380065241D /* Assets.xcassets */; };
		5F3D42A41D11DC380065241D /* LaunchScreen.storyboard in Resources */ = {isa = PBXBuildFile; fileRef = 5F3D42A21D11DC380065241D /* LaunchScreen.storyboard */; };
		5F5D80CA1D2D81D100E0B3A9 /* smthumb.png in Resources */ = {isa = PBXBuildFile; fileRef = 5F5D80C91D2D81D100E0B3A9 /* smthumb.png */; };
		5F5D80CC1D2ED53200E0B3A9 /* PresetButtonView.swift in Sources */ = {isa = PBXBuildFile; fileRef = 5F5D80CB1D2ED53200E0B3A9 /* PresetButtonView.swift */; };
		5FFBFFE81D12E27D001801CE /* EDProgressView.swift in Sources */ = {isa = PBXBuildFile; fileRef = 5FFBFFE71D12E27D001801CE /* EDProgressView.swift */; };
		5FFBFFEB1D12EC22001801CE /* SWXMLHash.swift in Sources */ = {isa = PBXBuildFile; fileRef = 5FFBFFEA1D12EC22001801CE /* SWXMLHash.swift */; };
		5FFBFFED1D12F01B001801CE /* Extensions.swift in Sources */ = {isa = PBXBuildFile; fileRef = 5FFBFFEC1D12F01B001801CE /* Extensions.swift */; };
		5FFBFFF01D131646001801CE /* lifestyle.png in Resources */ = {isa = PBXBuildFile; fileRef = 5FFBFFEF1D131646001801CE /* lifestyle.png */; };
		5FFBFFF41D131769001801CE /* soundtouch_10.png in Resources */ = {isa = PBXBuildFile; fileRef = 5FFBFFF11D131769001801CE /* soundtouch_10.png */; };
		5FFBFFF51D131769001801CE /* soundtouch_20.png in Resources */ = {isa = PBXBuildFile; fileRef = 5FFBFFF21D131769001801CE /* soundtouch_20.png */; };
		5FFBFFF61D131769001801CE /* soundtouch_30.png in Resources */ = {isa = PBXBuildFile; fileRef = 5FFBFFF31D131769001801CE /* soundtouch_30.png */; };
		5FFBFFF81D13182A001801CE /* wave_soundtouch.png in Resources */ = {isa = PBXBuildFile; fileRef = 5FFBFFF71D13182A001801CE /* wave_soundtouch.png */; };
		5FFBFFFA1D1318A5001801CE /* sa5.png in Resources */ = {isa = PBXBuildFile; fileRef = 5FFBFFF91D1318A5001801CE /* sa5.png */; };
/* End PBXBuildFile section */

/* Begin PBXFileReference section */
		5F134CF71D2FDF6600F72FC8 /* TitleConstructor.swift */ = {isa = PBXFileReference; fileEncoding = 4; lastKnownFileType = sourcecode.swift; path = TitleConstructor.swift; sourceTree = "<group>"; };
		5F134CF91D2FEB6000F72FC8 /* GenericTileDisplay.swift */ = {isa = PBXFileReference; fileEncoding = 4; lastKnownFileType = sourcecode.swift; path = GenericTileDisplay.swift; sourceTree = "<group>"; };
		5F134CFB1D301B4900F72FC8 /* abstract.png */ = {isa = PBXFileReference; lastKnownFileType = image.png; path = abstract.png; sourceTree = "<group>"; };
		5F3D42961D11DC380065241D /* STBonjour.app */ = {isa = PBXFileReference; explicitFileType = wrapper.application; includeInIndex = 0; path = STBonjour.app; sourceTree = BUILT_PRODUCTS_DIR; };
		5F3D42991D11DC380065241D /* AppDelegate.swift */ = {isa = PBXFileReference; lastKnownFileType = sourcecode.swift; path = AppDelegate.swift; sourceTree = "<group>"; };
		5F3D429B1D11DC380065241D /* ViewController.swift */ = {isa = PBXFileReference; lastKnownFileType = sourcecode.swift; path = ViewController.swift; sourceTree = "<group>"; };
		5F3D429E1D11DC380065241D /* Base */ = {isa = PBXFileReference; lastKnownFileType = file.storyboard; name = Base; path = Base.lproj/Main.storyboard; sourceTree = "<group>"; };
		5F3D42A01D11DC380065241D /* Assets.xcassets */ = {isa = PBXFileReference; lastKnownFileType = folder.assetcatalog; path = Assets.xcassets; sourceTree = "<group>"; };
		5F3D42A31D11DC380065241D /* Base */ = {isa = PBXFileReference; lastKnownFileType = file.storyboard; name = Base; path = Base.lproj/LaunchScreen.storyboard; sourceTree = "<group>"; };
		5F3D42A51D11DC380065241D /* Info.plist */ = {isa = PBXFileReference; lastKnownFileType = text.plist.xml; path = Info.plist; sourceTree = "<group>"; };
		5F5D80C91D2D81D100E0B3A9 /* smthumb.png */ = {isa = PBXFileReference; lastKnownFileType = image.png; path = smthumb.png; sourceTree = "<group>"; };
		5F5D80CB1D2ED53200E0B3A9 /* PresetButtonView.swift */ = {isa = PBXFileReference; fileEncoding = 4; lastKnownFileType = sourcecode.swift; path = PresetButtonView.swift; sourceTree = "<group>"; };
		5FFBFFE71D12E27D001801CE /* EDProgressView.swift */ = {isa = PBXFileReference; fileEncoding = 4; lastKnownFileType = sourcecode.swift; path = EDProgressView.swift; sourceTree = "<group>"; };
		5FFBFFEA1D12EC22001801CE /* SWXMLHash.swift */ = {isa = PBXFileReference; fileEncoding = 4; lastKnownFileType = sourcecode.swift; path = SWXMLHash.swift; sourceTree = "<group>"; };
		5FFBFFEC1D12F01B001801CE /* Extensions.swift */ = {isa = PBXFileReference; fileEncoding = 4; lastKnownFileType = sourcecode.swift; path = Extensions.swift; sourceTree = "<group>"; };
		5FFBFFEF1D131646001801CE /* lifestyle.png */ = {isa = PBXFileReference; lastKnownFileType = image.png; path = lifestyle.png; sourceTree = "<group>"; };
		5FFBFFF11D131769001801CE /* soundtouch_10.png */ = {isa = PBXFileReference; lastKnownFileType = image.png; path = soundtouch_10.png; sourceTree = "<group>"; };
		5FFBFFF21D131769001801CE /* soundtouch_20.png */ = {isa = PBXFileReference; lastKnownFileType = image.png; path = soundtouch_20.png; sourceTree = "<group>"; };
		5FFBFFF31D131769001801CE /* soundtouch_30.png */ = {isa = PBXFileReference; lastKnownFileType = image.png; path = soundtouch_30.png; sourceTree = "<group>"; };
		5FFBFFF71D13182A001801CE /* wave_soundtouch.png */ = {isa = PBXFileReference; lastKnownFileType = image.png; path = wave_soundtouch.png; sourceTree = "<group>"; };
		5FFBFFF91D1318A5001801CE /* sa5.png */ = {isa = PBXFileReference; lastKnownFileType = image.png; path = sa5.png; sourceTree = "<group>"; };
/* End PBXFileReference section */

/* Begin PBXFrameworksBuildPhase section */
		5F3D42931D11DC380065241D /* Frameworks */ = {
			isa = PBXFrameworksBuildPhase;
			buildActionMask = 2147483647;
			files = (
			);
			runOnlyForDeploymentPostprocessing = 0;
		};
/* End PBXFrameworksBuildPhase section */

/* Begin PBXGroup section */
		5F3D428D1D11DC380065241D = {
			isa = PBXGroup;
			children = (
				5F3D42981D11DC380065241D /* STBonjour */,
				5F3D42971D11DC380065241D /* Products */,
			);
			sourceTree = "<group>";
		};
		5F3D42971D11DC380065241D /* Products */ = {
			isa = PBXGroup;
			children = (
				5F3D42961D11DC380065241D /* STBonjour.app */,
			);
			name = Products;
			sourceTree = "<group>";
		};
		5F3D42981D11DC380065241D /* STBonjour */ = {
			isa = PBXGroup;
			children = (
				5F5D80C81D2D81C500E0B3A9 /* Custom Graphics */,
				5FFBFFEE1D131582001801CE /* Device Images */,
				5FFBFFE91D12EBD5001801CE /* Custom Classes */,
				5F3D42991D11DC380065241D /* AppDelegate.swift */,
				5F3D429B1D11DC380065241D /* ViewController.swift */,
				5F3D429D1D11DC380065241D /* Main.storyboard */,
				5F3D42A01D11DC380065241D /* Assets.xcassets */,
				5F3D42A21D11DC380065241D /* LaunchScreen.storyboard */,
				5F3D42A51D11DC380065241D /* Info.plist */,
			);
			path = STBonjour;
			sourceTree = "<group>";
		};
		5F5D80C81D2D81C500E0B3A9 /* Custom Graphics */ = {
			isa = PBXGroup;
			children = (
				5F134CFB1D301B4900F72FC8 /* abstract.png */,
				5F5D80C91D2D81D100E0B3A9 /* smthumb.png */,
			);
			name = "Custom Graphics";
			sourceTree = "<group>";
		};
		5FFBFFE91D12EBD5001801CE /* Custom Classes */ = {
			isa = PBXGroup;
			children = (
				5FFBFFE71D12E27D001801CE /* EDProgressView.swift */,
				5FFBFFEA1D12EC22001801CE /* SWXMLHash.swift */,
				5FFBFFEC1D12F01B001801CE /* Extensions.swift */,
				5F5D80CB1D2ED53200E0B3A9 /* PresetButtonView.swift */,
				5F134CF71D2FDF6600F72FC8 /* TitleConstructor.swift */,
				5F134CF91D2FEB6000F72FC8 /* GenericTileDisplay.swift */,
			);
			name = "Custom Classes";
			sourceTree = "<group>";
		};
		5FFBFFEE1D131582001801CE /* Device Images */ = {
			isa = PBXGroup;
			children = (
				5FFBFFEF1D131646001801CE /* lifestyle.png */,
				5FFBFFF91D1318A5001801CE /* sa5.png */,
				5FFBFFF11D131769001801CE /* soundtouch_10.png */,
				5FFBFFF21D131769001801CE /* soundtouch_20.png */,
				5FFBFFF31D131769001801CE /* soundtouch_30.png */,
				5FFBFFF71D13182A001801CE /* wave_soundtouch.png */,
			);
			name = "Device Images";
			sourceTree = "<group>";
		};
/* End PBXGroup section */

/* Begin PBXNativeTarget section */
		5F3D42951D11DC380065241D /* STBonjour */ = {
			isa = PBXNativeTarget;
			buildConfigurationList = 5F3D42A81D11DC380065241D /* Build configuration list for PBXNativeTarget "STBonjour" */;
			buildPhases = (
				5F3D42921D11DC380065241D /* Sources */,
				5F3D42931D11DC380065241D /* Frameworks */,
				5F3D42941D11DC380065241D /* Resources */,
			);
			buildRules = (
			);
			dependencies = (
			);
			name = STBonjour;
			productName = STBonjour;
			productReference = 5F3D42961D11DC380065241D /* STBonjour.app */;
			productType = "com.apple.product-type.application";
		};
/* End PBXNativeTarget section */

/* Begin PBXProject section */
		5F3D428E1D11DC380065241D /* Project object */ = {
			isa = PBXProject;
			attributes = {
				LastSwiftUpdateCheck = 0730;
				LastUpgradeCheck = 0730;
				ORGANIZATIONNAME = "Eric Dolecki";
				TargetAttributes = {
					5F3D42951D11DC380065241D = {
						CreatedOnToolsVersion = 7.3;
					};
				};
			};
			buildConfigurationList = 5F3D42911D11DC380065241D /* Build configuration list for PBXProject "STBonjour" */;
			compatibilityVersion = "Xcode 3.2";
			developmentRegion = English;
			hasScannedForEncodings = 0;
			knownRegions = (
				en,
				Base,
			);
			mainGroup = 5F3D428D1D11DC380065241D;
			productRefGroup = 5F3D42971D11DC380065241D /* Products */;
			projectDirPath = "";
			projectRoot = "";
			targets = (
				5F3D42951D11DC380065241D /* STBonjour */,
			);
		};
/* End PBXProject section */

/* Begin PBXResourcesBuildPhase section */
		5F3D42941D11DC380065241D /* Resources */ = {
			isa = PBXResourcesBuildPhase;
			buildActionMask = 2147483647;
			files = (
				5FFBFFF41D131769001801CE /* soundtouch_10.png in Resources */,
				5FFBFFF51D131769001801CE /* soundtouch_20.png in Resources */,
				5F5D80CA1D2D81D100E0B3A9 /* smthumb.png in Resources */,
				5FFBFFF61D131769001801CE /* soundtouch_30.png in Resources */,
				5FFBFFFA1D1318A5001801CE /* sa5.png in Resources */,
				5F3D42A41D11DC380065241D /* LaunchScreen.storyboard in Resources */,
				5FFBFFF81D13182A001801CE /* wave_soundtouch.png in Resources */,
				5F134CFC1D301B4900F72FC8 /* abstract.png in Resources */,
				5FFBFFF01D131646001801CE /* lifestyle.png in Resources */,
				5F3D42A11D11DC380065241D /* Assets.xcassets in Resources */,
				5F3D429F1D11DC380065241D /* Main.storyboard in Resources */,
			);
			runOnlyForDeploymentPostprocessing = 0;
		};
/* End PBXResourcesBuildPhase section */

/* Begin PBXSourcesBuildPhase section */
		5F3D42921D11DC380065241D /* Sources */ = {
			isa = PBXSourcesBuildPhase;
			buildActionMask = 2147483647;
			files = (
				5FFBFFED1D12F01B001801CE /* Extensions.swift in Sources */,
				5FFBFFE81D12E27D001801CE /* EDProgressView.swift in Sources */,
				5FFBFFEB1D12EC22001801CE /* SWXMLHash.swift in Sources */,
				5F5D80CC1D2ED53200E0B3A9 /* PresetButtonView.swift in Sources */,
				5F134CFA1D2FEB6000F72FC8 /* GenericTileDisplay.swift in Sources */,
				5F3D429C1D11DC380065241D /* ViewController.swift in Sources */,
				5F3D429A1D11DC380065241D /* AppDelegate.swift in Sources */,
				5F134CF81D2FDF6600F72FC8 /* TitleConstructor.swift in Sources */,
			);
			runOnlyForDeploymentPostprocessing = 0;
		};
/* End PBXSourcesBuildPhase section */

/* Begin PBXVariantGroup section */
		5F3D429D1D11DC380065241D /* Main.storyboard */ = {
			isa = PBXVariantGroup;
			children = (
				5F3D429E1D11DC380065241D /* Base */,
			);
			name = Main.storyboard;
			sourceTree = "<group>";
		};
		5F3D42A21D11DC380065241D /* LaunchScreen.storyboard */ = {
			isa = PBXVariantGroup;
			children = (
				5F3D42A31D11DC380065241D /* Base */,
			);
			name = LaunchScreen.storyboard;
			sourceTree = "<group>";
		};
/* End PBXVariantGroup section */

/* Begin XCBuildConfiguration section */
		5F3D42A61D11DC380065241D /* Debug */ = {
			isa = XCBuildConfiguration;
			buildSettings = {
				ALWAYS_SEARCH_USER_PATHS = NO;
				CLANG_ANALYZER_NONNULL = YES;
				CLANG_CXX_LANGUAGE_STANDARD = "gnu++0x";
				CLANG_CXX_LIBRARY = "libc++";
				CLANG_ENABLE_MODULES = YES;
				CLANG_ENABLE_OBJC_ARC = YES;
				CLANG_WARN_BOOL_CONVERSION = YES;
				CLANG_WARN_CONSTANT_CONVERSION = YES;
				CLANG_WARN_DIRECT_OBJC_ISA_USAGE = YES_ERROR;
				CLANG_WARN_EMPTY_BODY = YES;
				CLANG_WARN_ENUM_CONVERSION = YES;
				CLANG_WARN_INT_CONVERSION = YES;
				CLANG_WARN_OBJC_ROOT_CLASS = YES_ERROR;
				CLANG_WARN_UNREACHABLE_CODE = YES;
				CLANG_WARN__DUPLICATE_METHOD_MATCH = YES;
				"CODE_SIGN_IDENTITY[sdk=iphoneos*]" = "iPhone Developer";
				COPY_PHASE_STRIP = NO;
				DEBUG_INFORMATION_FORMAT = dwarf;
				ENABLE_STRICT_OBJC_MSGSEND = YES;
				ENABLE_TESTABILITY = YES;
				GCC_C_LANGUAGE_STANDARD = gnu99;
				GCC_DYNAMIC_NO_PIC = NO;
				GCC_NO_COMMON_BLOCKS = YES;
				GCC_OPTIMIZATION_LEVEL = 0;
				GCC_PREPROCESSOR_DEFINITIONS = (
					"DEBUG=1",
					"$(inherited)",
				);
				GCC_WARN_64_TO_32_BIT_CONVERSION = YES;
				GCC_WARN_ABOUT_RETURN_TYPE = YES_ERROR;
				GCC_WARN_UNDECLARED_SELECTOR = YES;
				GCC_WARN_UNINITIALIZED_AUTOS = YES_AGGRESSIVE;
				GCC_WARN_UNUSED_FUNCTION = YES;
				GCC_WARN_UNUSED_VARIABLE = YES;
				IPHONEOS_DEPLOYMENT_TARGET = 9.3;
				MTL_ENABLE_DEBUG_INFO = YES;
				ONLY_ACTIVE_ARCH = YES;
				SDKROOT = iphoneos;
				SWIFT_OPTIMIZATION_LEVEL = "-Onone";
			};
			name = Debug;
		};
		5F3D42A71D11DC380065241D /* Release */ = {
			isa = XCBuildConfiguration;
			buildSettings = {
				ALWAYS_SEARCH_USER_PATHS = NO;
				CLANG_ANALYZER_NONNULL = YES;
				CLANG_CXX_LANGUAGE_STANDARD = "gnu++0x";
				CLANG_CXX_LIBRARY = "libc++";
				CLANG_ENABLE_MODULES = YES;
				CLANG_ENABLE_OBJC_ARC = YES;
				CLANG_WARN_BOOL_CONVERSION = YES;
				CLANG_WARN_CONSTANT_CONVERSION = YES;
				CLANG_WARN_DIRECT_OBJC_ISA_USAGE = YES_ERROR;
				CLANG_WARN_EMPTY_BODY = YES;
				CLANG_WARN_ENUM_CONVERSION = YES;
				CLANG_WARN_INT_CONVERSION = YES;
				CLANG_WARN_OBJC_ROOT_CLASS = YES_ERROR;
				CLANG_WARN_UNREACHABLE_CODE = YES;
				CLANG_WARN__DUPLICATE_METHOD_MATCH = YES;
				"CODE_SIGN_IDENTITY[sdk=iphoneos*]" = "iPhone Developer";
				COPY_PHASE_STRIP = NO;
				DEBUG_INFORMATION_FORMAT = "dwarf-with-dsym";
				ENABLE_NS_ASSERTIONS = NO;
				ENABLE_STRICT_OBJC_MSGSEND = YES;
				GCC_C_LANGUAGE_STANDARD = gnu99;
				GCC_NO_COMMON_BLOCKS = YES;
				GCC_WARN_64_TO_32_BIT_CONVERSION = YES;
				GCC_WARN_ABOUT_RETURN_TYPE = YES_ERROR;
				GCC_WARN_UNDECLARED_SELECTOR = YES;
				GCC_WARN_UNINITIALIZED_AUTOS = YES_AGGRESSIVE;
				GCC_WARN_UNUSED_FUNCTION = YES;
				GCC_WARN_UNUSED_VARIABLE = YES;
				IPHONEOS_DEPLOYMENT_TARGET = 9.3;
				MTL_ENABLE_DEBUG_INFO = NO;
				SDKROOT = iphoneos;
				VALIDATE_PRODUCT = YES;
			};
			name = Release;
		};
		5F3D42A91D11DC380065241D /* Debug */ = {
			isa = XCBuildConfiguration;
			buildSettings = {
				ASSETCATALOG_COMPILER_APPICON_NAME = AppIcon;
				CLANG_ENABLE_MODULES = YES;
				INFOPLIST_FILE = STBonjour/Info.plist;
				LD_RUNPATH_SEARCH_PATHS = "$(inherited) @executable_path/Frameworks";
				PRODUCT_BUNDLE_IDENTIFIER = net.ericd.STBonjour;
				PRODUCT_NAME = "$(TARGET_NAME)";
				SWIFT_OBJC_BRIDGING_HEADER = "";
				SWIFT_OPTIMIZATION_LEVEL = "-Onone";
			};
			name = Debug;
		};
		5F3D42AA1D11DC380065241D /* Release */ = {
			isa = XCBuildConfiguration;
			buildSettings = {
				ASSETCATALOG_COMPILER_APPICON_NAME = AppIcon;
				CLANG_ENABLE_MODULES = YES;
				INFOPLIST_FILE = STBonjour/Info.plist;
				LD_RUNPATH_SEARCH_PATHS = "$(inherited) @executable_path/Frameworks";
				PRODUCT_BUNDLE_IDENTIFIER = net.ericd.STBonjour;
				PRODUCT_NAME = "$(TARGET_NAME)";
				SWIFT_OBJC_BRIDGING_HEADER = "";
			};
			name = Release;
		};
/* End XCBuildConfiguration section */

/* Begin XCConfigurationList section */
		5F3D42911D11DC380065241D /* Build configuration list for PBXProject "STBonjour" */ = {
			isa = XCConfigurationList;
			buildConfigurations = (
				5F3D42A61D11DC380065241D /* Debug */,
				5F3D42A71D11DC380065241D /* Release */,
			);
			defaultConfigurationIsVisible = 0;
			defaultConfigurationName = Release;
		};
		5F3D42A81D11DC380065241D /* Build configuration list for PBXNativeTarget "STBonjour" */ = {
			isa = XCConfigurationList;
			buildConfigurations = (
				5F3D42A91D11DC380065241D /* Debug */,
				5F3D42AA1D11DC380065241D /* Release */,
			);
			defaultConfigurationIsVisible = 0;
			defaultConfigurationName = Release;
		};
/* End XCConfigurationList section */
	};
	rootObject = 5F3D428E1D11DC380065241D /* Project object */;
}
